
Microsoft Visual Studio Solution File, Format Version 12.00
# Visual Studio Version 17
VisualStudioVersion = 17.8.34601.278
MinimumVisualStudioVersion = 10.0.40219.1
Project("{FAE04EC0-301F-11D3-BF4B-00C04F79EFBC}") = "EChartsSample", "EChartsSample\EChartsSample.csproj", "{8140464D-D630-4B45-80DB-2716FE25E2BD}"
EndProject
Global
	GlobalSection(SolutionConfigurationPlatforms) = preSolution
		Debug|Any CPU = Debug|Any CPU
		Release|Any CPU = Release|Any CPU
	EndGlobalSection
	GlobalSection(ProjectConfigurationPlatforms) = postSolution
		{8140464D-D630-4B45-80DB-2716FE25E2BD}.Debug|Any CPU.ActiveCfg = Debug|Any CPU
		{8140464D-D630-4B45-80DB-2716FE25E2BD}.Debug|Any CPU.Build.0 = Debug|Any CPU
		{8140464D-D630-4B45-80DB-2716FE25E2BD}.Release|Any CPU.ActiveCfg = Release|Any CPU
		{8140464D-D630-4B45-80DB-2716FE25E2BD}.Release|Any CPU.Build.0 = Release|Any CPU
	EndGlobalSection
	GlobalSection(SolutionProperties) = preSolution
		HideSolutionNode = FALSE
	EndGlobalSection
	GlobalSection(ExtensibilityGlobals) = postSolution
		SolutionGuid = {A6D20B15-FFF8-4DF5-98A9-BC8E36F8C056}
	EndGlobalSection
EndGlobal
